# This file was autogenerated by Stack.
# You should not edit this file by hand.
# For more information, please see the documentation at:
#   https://docs.haskellstack.org/en/stable/lock_files

packages:
- completed:
    hackage: string-conv-0.1.1@sha256:339e0d172d38d341eecd7f0c03fd94cea9ef78562e1440ef76dff95cd2279fc2,1026
    pantry-tree:
      size: 315
      sha256: 78b9b3cb31e35528640134d3694cd28ddbd57395cf50edf0a073f879ccba40c1
  original:
    hackage: string-conv-0.1.1
- completed:
    cabal-file:
      size: 4819
      sha256: 5e24106b965f49291f60f0533edc99808410cbc6282a7dc767b0d29abd02d65e
    name: shakespeare
    version: 2.0.8.2
    git: git@github.com:mcfilib/shakespeare.git
    pantry-tree:
      size: 4036
      sha256: fabd6de1011ae6884c9ec04c859f1e126340696e01afa119632ec67fb50ea305
    commit: 018df3af6cadf0ffae6f94fc9bc16cb8b8fd5e1e
  original:
    git: git@github.com:mcfilib/shakespeare.git
    commit: 018df3af6cadf0ffae6f94fc9bc16cb8b8fd5e1e
snapshots:
- completed:
    size: 285608
    url: https://raw.githubusercontent.com/commercialhaskell/stackage-snapshots/master/lts/3/14.yaml
    sha256: 2c5165eef25d2e2583d9e58787e65854cd6b20a7fa02c9e07c628d2302ebe794
  original: lts-3.14
